
Microsoft Visual Studio Solution File, Format Version 12.00
# Visual Studio Version 17
VisualStudioVersion = 17.7.34009.444
MinimumVisualStudioVersion = 10.0.40219.1
Project("{FAE04EC0-301F-11D3-BF4B-00C04F79EFBC}") = "SUP23", "SUP23\SUP23.csproj", "{D37B968D-5609-4974-BD97-D5AA16EBD4C2}"
EndProject
Global
	GlobalSection(SolutionConfigurationPlatforms) = preSolution
		Debug|Any CPU = Debug|Any CPU
		Release|Any CPU = Release|Any CPU
	EndGlobalSection
	GlobalSection(ProjectConfigurationPlatforms) = postSolution
		{D37B968D-5609-4974-BD97-D5AA16EBD4C2}.Debug|Any CPU.ActiveCfg = Debug|Any CPU
		{D37B968D-5609-4974-BD97-D5AA16EBD4C2}.Debug|Any CPU.Build.0 = Debug|Any CPU
		{D37B968D-5609-4974-BD97-D5AA16EBD4C2}.Release|Any CPU.ActiveCfg = Release|Any CPU
		{D37B968D-5609-4974-BD97-D5AA16EBD4C2}.Release|Any CPU.Build.0 = Release|Any CPU
	EndGlobalSection
	GlobalSection(SolutionProperties) = preSolution
		HideSolutionNode = FALSE
	EndGlobalSection
	GlobalSection(ExtensibilityGlobals) = postSolution
		SolutionGuid = {3FCBDFCE-7414-4E71-B951-334D104ED85E}
	EndGlobalSection
EndGlobal
